
Microsoft Visual Studio Solution File, Format Version 12.00
# Visual Studio Version 16
VisualStudioVersion = 16.0.28729.10
MinimumVisualStudioVersion = 10.0.40219.1
Project("{FAE04EC0-301F-11D3-BF4B-00C04F79EFBC}") = "EmptyApp", "EmptyApp\EmptyApp.csproj", "{78427991-A4F5-4C55-AFE9-476630BBA38F}"
EndProject
Global
	GlobalSection(SolutionConfigurationPlatforms) = preSolution
		Debug|Any CPU = Debug|Any CPU
		Release|Any CPU = Release|Any CPU
	EndGlobalSection
	GlobalSection(ProjectConfigurationPlatforms) = postSolution
		{78427991-A4F5-4C55-AFE9-476630BBA38F}.Debug|Any CPU.ActiveCfg = Debug|Any CPU
		{78427991-A4F5-4C55-AFE9-476630BBA38F}.Debug|Any CPU.Build.0 = Debug|Any CPU
		{78427991-A4F5-4C55-AFE9-476630BBA38F}.Release|Any CPU.ActiveCfg = Release|Any CPU
		{78427991-A4F5-4C55-AFE9-476630BBA38F}.Release|Any CPU.Build.0 = Release|Any CPU
	EndGlobalSection
	GlobalSection(SolutionProperties) = preSolution
		HideSolutionNode = FALSE
	EndGlobalSection
	GlobalSection(ExtensibilityGlobals) = postSolution
		SolutionGuid = {FCE38D6F-7C9F-4CAC-B979-049A27F35940}
	EndGlobalSection
EndGlobal
